
Microsoft Visual Studio Solution File, Format Version 12.00
# Visual Studio Version 16
VisualStudioVersion = 16.0.31112.23
MinimumVisualStudioVersion = 10.0.40219.1
Project("{2150E333-8FDC-42A3-9474-1A3956D46DE8}") = "Chapter02", "Chapter02", "{E13892DE-4B6A-406A-B4EF-4594D646A652}"
EndProject
Project("{FAE04EC0-301F-11D3-BF4B-00C04F79EFBC}") = "DistanceConveter", "DistanceConveter\DistanceConveter.csproj", "{CC9426C0-E68F-47DF-BE05-B2479DCC6A3A}"
EndProject
Project("{FAE04EC0-301F-11D3-BF4B-00C04F79EFBC}") = "SalesCalculator", "SalesCalculator\SalesCalculator.csproj", "{E2F56FB8-1EBE-49B9-B3A6-B4A7ACD15E67}"
EndProject
Project("{FAE04EC0-301F-11D3-BF4B-00C04F79EFBC}") = "Exercise1", "Exercise1\Exercise1.csproj", "{F054FF3F-0E64-454D-A12F-C84059FE8330}"
EndProject
Project("{2150E333-8FDC-42A3-9474-1A3956D46DE8}") = "Exercise", "Exercise", "{325C92F1-47AF-45ED-BA50-8F158AE52C12}"
EndProject
Project("{FAE04EC0-301F-11D3-BF4B-00C04F79EFBC}") = "Exercise2", "Exercise2\Exercise2.csproj", "{B4164FC1-28D6-4339-976A-FD29F40CC061}"
EndProject
Project("{FAE04EC0-301F-11D3-BF4B-00C04F79EFBC}") = "Exercise3", "Exercise3\Exercise3.csproj", "{8721F5F3-938C-4219-973B-D12594BA0711}"
EndProject
Project("{2150E333-8FDC-42A3-9474-1A3956D46DE8}") = "Chapter03", "Chapter03", "{7E86C2AB-60F5-4A53-8579-D17472277E31}"
EndProject
Project("{FAE04EC0-301F-11D3-BF4B-00C04F79EFBC}") = "Section01", "Section01\Section01.csproj", "{6E7AC59A-7666-4B98-88F5-9BBA9CC834D8}"
EndProject
Project("{FAE04EC0-301F-11D3-BF4B-00C04F79EFBC}") = "Section01", "Chapter04\Section01\Section01.csproj", "{87317766-4A3F-44FF-9966-49E9A6FFBE74}"
EndProject
Project("{2150E333-8FDC-42A3-9474-1A3956D46DE8}") = "Chapter04", "Chapter04", "{323E576A-8C3A-406B-8D90-1BB77761C7D3}"
EndProject
Project("{FAE04EC0-301F-11D3-BF4B-00C04F79EFBC}") = "Exercise1", "Chapter04\Exercise\Exercise1\Exercise1.csproj", "{50AB094E-7172-47DF-9473-8B93A548D9AA}"
EndProject
Project("{2150E333-8FDC-42A3-9474-1A3956D46DE8}") = "Exercise", "Exercise", "{CFDC962D-FED7-49F3-B3E4-261F834BB23B}"
EndProject
Project("{FAE04EC0-301F-11D3-BF4B-00C04F79EFBC}") = "Exercise2", "Chapter04\Exercise\Exercise2\Exercise2.csproj", "{497F8E53-E2DE-491C-A8A1-2B2A2141282D}"
EndProject
Project("{2150E333-8FDC-42A3-9474-1A3956D46DE8}") = "Chapter05", "Chapter05", "{DCD6F5BD-D9AF-4C12-BFB2-D23985AE6D79}"
EndProject
Project("{FAE04EC0-301F-11D3-BF4B-00C04F79EFBC}") = "Exercise1", "Chapter05\Exercise1\Exercise1.csproj", "{91A1ADA4-A0AF-4943-9D71-2B1EBDC036CE}"
EndProject
Project("{FAE04EC0-301F-11D3-BF4B-00C04F79EFBC}") = "Exercise2", "Chapter05\Exercise2\Exercise2.csproj", "{1185E51B-8FF6-4C75-B458-E487A4CEB641}"
EndProject
Project("{FAE04EC0-301F-11D3-BF4B-00C04F79EFBC}") = "Exercise3", "Chapter05\Exercise3\Exercise3.csproj", "{09D10CD1-0CB1-4D9A-B7A1-989118B54FC4}"
EndProject
Project("{FAE04EC0-301F-11D3-BF4B-00C04F79EFBC}") = "Test01", "TestProject\Test01\Test01.csproj", "{2BFACDC3-F44D-4199-8498-F5C3C4AC0335}"
EndProject
Project("{FAE04EC0-301F-11D3-BF4B-00C04F79EFBC}") = "Test02", "TestProject\Test02\Test02.csproj", "{E461C0A8-8900-485C-B520-E929BA33F712}"
EndProject
Project("{FAE04EC0-301F-11D3-BF4B-00C04F79EFBC}") = "Exercise02", "Chapter05\Exercise02\Exercise02.csproj", "{132BB0D7-A4D2-4D8B-A72B-2CCD5D75FA1F}"
EndProject
Project("{FAE04EC0-301F-11D3-BF4B-00C04F79EFBC}") = "Exercise03", "Chapter05\Exercise03\Exercise03.csproj", "{C5FB1E8A-B450-44FB-BD98-DBBCA45D469B}"
EndProject
Project("{2150E333-8FDC-42A3-9474-1A3956D46DE8}") = "Chapter06", "Chapter06", "{80A97ACF-38CC-4207-907D-2ED60823BFCD}"
EndProject
Project("{FAE04EC0-301F-11D3-BF4B-00C04F79EFBC}") = "Section01", "Chapter06\Section01\Section01.csproj", "{50E9954D-BA5C-4BB2-AB30-CE96479D16C1}"
EndProject
Project("{FAE04EC0-301F-11D3-BF4B-00C04F79EFBC}") = "Exercise1", "Chapter06\Exercise\Exercise1\Exercise1.csproj", "{2B31AEE6-86E1-44E0-A431-A2364E5E5591}"
EndProject
Project("{2150E333-8FDC-42A3-9474-1A3956D46DE8}") = "Chapter07", "Chapter07", "{128D4802-1D99-4491-A28A-C9DA8918019A}"
EndProject
Project("{FAE04EC0-301F-11D3-BF4B-00C04F79EFBC}") = "Exercise1", "Chapter07\Exercise1\Exercise1.csproj", "{799A1B42-D304-44EC-A71B-693B37B0D514}"
EndProject
Project("{FAE04EC0-301F-11D3-BF4B-00C04F79EFBC}") = "Exercise2", "Chapter07\Exercise2\Exercise2.csproj", "{1553DF3A-9615-402B-8187-D1987BDBD63D}"
EndProject
Project("{2150E333-8FDC-42A3-9474-1A3956D46DE8}") = "Chapter08", "Chapter08", "{C4471379-BA91-49A7-BA82-80A825D2DBC8}"
EndProject
Project("{FAE04EC0-301F-11D3-BF4B-00C04F79EFBC}") = "Exercise1", "Chapter08\Exercise1\Exercise1.csproj", "{BB04B366-17A5-4F0B-9F42-60EBB25232A3}"
EndProject
Project("{2150E333-8FDC-42A3-9474-1A3956D46DE8}") = "Exercise", "Exercise", "{39B96D39-117E-4927-8049-62F17A34E45F}"
EndProject
Project("{FAE04EC0-301F-11D3-BF4B-00C04F79EFBC}") = "Exercise1", "Chapter08\Exercise\Exercise1\Exercise1.csproj", "{CB2C22DF-1B98-42D3-A263-9C40BAC5B621}"
EndProject
Project("{FAE04EC0-301F-11D3-BF4B-00C04F79EFBC}") = "StopWatch", "Chapter08\StopWatch\StopWatch.csproj", "{5E4B3F30-03CE-476D-B100-A6C4554E2A9A}"
EndProject
Project("{2150E333-8FDC-42A3-9474-1A3956D46DE8}") = "CarReportSystem", "CarReportSystem", "{643707A7-860F-47B4-8074-38B944907FC0}"
EndProject
Project("{FAE04EC0-301F-11D3-BF4B-00C04F79EFBC}") = "CarReportSystem", "CarReportSystem\CarReportSystem\CarReportSystem.csproj", "{E012F1CB-A106-4665-A134-EBCEFFDF5667}"
EndProject
Project("{FAE04EC0-301F-11D3-BF4B-00C04F79EFBC}") = "Sample0823", "Sample0823\Sample0823.csproj", "{43F4C407-ED8F-49D8-BEDE-C551CAF8816C}"
EndProject
Project("{FAE04EC0-301F-11D3-BF4B-00C04F79EFBC}") = "Section01", "Chapter11\Section01\Section01.csproj", "{8E133A90-058D-4CC1-A267-1DC854B5537A}"
EndProject
Project("{2150E333-8FDC-42A3-9474-1A3956D46DE8}") = "Chapter11", "Chapter11", "{713F815A-8403-410C-A031-DB98CC8AB94C}"
EndProject
Project("{FAE04EC0-301F-11D3-BF4B-00C04F79EFBC}") = "Excise1", "Chapter11\Excise1\Excise1.csproj", "{272CDB14-B749-4A34-877D-C13B8A4C3FC7}"
EndProject
Project("{FAE04EC0-301F-11D3-BF4B-00C04F79EFBC}") = "Section02", "Chapter11\Section02\Section02.csproj", "{A44611C3-555B-4AAC-9CC7-E43CF0FD2CD5}"
EndProject
Project("{FAE04EC0-301F-11D3-BF4B-00C04F79EFBC}") = "Excise2", "Chapter11\Excise2\Excise2.csproj", "{7DCCA8DE-FE87-4F82-98D7-481E5DFF0387}"
EndProject
Project("{2150E333-8FDC-42A3-9474-1A3956D46DE8}") = "Chapter14", "Chapter14", "{D39884D7-D236-403B-899B-B923F40DE242}"
EndProject
Project("{FAE04EC0-301F-11D3-BF4B-00C04F79EFBC}") = "Section04", "Chapter14\ConsoleApp1\Section04.csproj", "{4151C669-D869-422E-9857-0365855B7AC7}"
EndProject
Project("{FAE04EC0-301F-11D3-BF4B-00C04F79EFBC}") = "WeatherApp", "WeatherApp\WeatherApp\WeatherApp.csproj", "{75ABDD5F-64C3-4538-8417-73F1A56E2E5C}"
EndProject
Project("{2150E333-8FDC-42A3-9474-1A3956D46DE8}") = "WetherApp", "WetherApp", "{CD43E6C8-DF1F-4C87-93A0-44081C5194EA}"
EndProject
Global
	GlobalSection(SolutionConfigurationPlatforms) = preSolution
		Debug|Any CPU = Debug|Any CPU
		Release|Any CPU = Release|Any CPU
	EndGlobalSection
	GlobalSection(ProjectConfigurationPlatforms) = postSolution
		{CC9426C0-E68F-47DF-BE05-B2479DCC6A3A}.Debug|Any CPU.ActiveCfg = Debug|Any CPU
		{CC9426C0-E68F-47DF-BE05-B2479DCC6A3A}.Debug|Any CPU.Build.0 = Debug|Any CPU
		{CC9426C0-E68F-47DF-BE05-B2479DCC6A3A}.Release|Any CPU.ActiveCfg = Release|Any CPU
		{CC9426C0-E68F-47DF-BE05-B2479DCC6A3A}.Release|Any CPU.Build.0 = Release|Any CPU
		{E2F56FB8-1EBE-49B9-B3A6-B4A7ACD15E67}.Debug|Any CPU.ActiveCfg = Debug|Any CPU
		{E2F56FB8-1EBE-49B9-B3A6-B4A7ACD15E67}.Debug|Any CPU.Build.0 = Debug|Any CPU
		{E2F56FB8-1EBE-49B9-B3A6-B4A7ACD15E67}.Release|Any CPU.ActiveCfg = Release|Any CPU
		{E2F56FB8-1EBE-49B9-B3A6-B4A7ACD15E67}.Release|Any CPU.Build.0 = Release|Any CPU
		{F054FF3F-0E64-454D-A12F-C84059FE8330}.Debug|Any CPU.ActiveCfg = Debug|Any CPU
		{F054FF3F-0E64-454D-A12F-C84059FE8330}.Debug|Any CPU.Build.0 = Debug|Any CPU
		{F054FF3F-0E64-454D-A12F-C84059FE8330}.Release|Any CPU.ActiveCfg = Release|Any CPU
		{F054FF3F-0E64-454D-A12F-C84059FE8330}.Release|Any CPU.Build.0 = Release|Any CPU
		{B4164FC1-28D6-4339-976A-FD29F40CC061}.Debug|Any CPU.ActiveCfg = Debug|Any CPU
		{B4164FC1-28D6-4339-976A-FD29F40CC061}.Debug|Any CPU.Build.0 = Debug|Any CPU
		{B4164FC1-28D6-4339-976A-FD29F40CC061}.Release|Any CPU.ActiveCfg = Release|Any CPU
		{B4164FC1-28D6-4339-976A-FD29F40CC061}.Release|Any CPU.Build.0 = Release|Any CPU
		{8721F5F3-938C-4219-973B-D12594BA0711}.Debug|Any CPU.ActiveCfg = Debug|Any CPU
		{8721F5F3-938C-4219-973B-D12594BA0711}.Debug|Any CPU.Build.0 = Debug|Any CPU
		{8721F5F3-938C-4219-973B-D12594BA0711}.Release|Any CPU.ActiveCfg = Release|Any CPU
		{8721F5F3-938C-4219-973B-D12594BA0711}.Release|Any CPU.Build.0 = Release|Any CPU
		{6E7AC59A-7666-4B98-88F5-9BBA9CC834D8}.Debug|Any CPU.ActiveCfg = Debug|Any CPU
		{6E7AC59A-7666-4B98-88F5-9BBA9CC834D8}.Debug|Any CPU.Build.0 = Debug|Any CPU
		{6E7AC59A-7666-4B98-88F5-9BBA9CC834D8}.Release|Any CPU.ActiveCfg = Release|Any CPU
		{6E7AC59A-7666-4B98-88F5-9BBA9CC834D8}.Release|Any CPU.Build.0 = Release|Any CPU
		{87317766-4A3F-44FF-9966-49E9A6FFBE74}.Debug|Any CPU.ActiveCfg = Debug|Any CPU
		{87317766-4A3F-44FF-9966-49E9A6FFBE74}.Debug|Any CPU.Build.0 = Debug|Any CPU
		{87317766-4A3F-44FF-9966-49E9A6FFBE74}.Release|Any CPU.ActiveCfg = Release|Any CPU
		{87317766-4A3F-44FF-9966-49E9A6FFBE74}.Release|Any CPU.Build.0 = Release|Any CPU
		{50AB094E-7172-47DF-9473-8B93A548D9AA}.Debug|Any CPU.ActiveCfg = Debug|Any CPU
		{50AB094E-7172-47DF-9473-8B93A548D9AA}.Debug|Any CPU.Build.0 = Debug|Any CPU
		{50AB094E-7172-47DF-9473-8B93A548D9AA}.Release|Any CPU.ActiveCfg = Release|Any CPU
		{50AB094E-7172-47DF-9473-8B93A548D9AA}.Release|Any CPU.Build.0 = Release|Any CPU
		{497F8E53-E2DE-491C-A8A1-2B2A2141282D}.Debug|Any CPU.ActiveCfg = Debug|Any CPU
		{497F8E53-E2DE-491C-A8A1-2B2A2141282D}.Debug|Any CPU.Build.0 = Debug|Any CPU
		{497F8E53-E2DE-491C-A8A1-2B2A2141282D}.Release|Any CPU.ActiveCfg = Release|Any CPU
		{497F8E53-E2DE-491C-A8A1-2B2A2141282D}.Release|Any CPU.Build.0 = Release|Any CPU
		{91A1ADA4-A0AF-4943-9D71-2B1EBDC036CE}.Debug|Any CPU.ActiveCfg = Debug|Any CPU
		{91A1ADA4-A0AF-4943-9D71-2B1EBDC036CE}.Debug|Any CPU.Build.0 = Debug|Any CPU
		{91A1ADA4-A0AF-4943-9D71-2B1EBDC036CE}.Release|Any CPU.ActiveCfg = Release|Any CPU
		{91A1ADA4-A0AF-4943-9D71-2B1EBDC036CE}.Release|Any CPU.Build.0 = Release|Any CPU
		{1185E51B-8FF6-4C75-B458-E487A4CEB641}.Debug|Any CPU.ActiveCfg = Debug|Any CPU
		{1185E51B-8FF6-4C75-B458-E487A4CEB641}.Debug|Any CPU.Build.0 = Debug|Any CPU
		{1185E51B-8FF6-4C75-B458-E487A4CEB641}.Release|Any CPU.ActiveCfg = Release|Any CPU
		{1185E51B-8FF6-4C75-B458-E487A4CEB641}.Release|Any CPU.Build.0 = Release|Any CPU
		{09D10CD1-0CB1-4D9A-B7A1-989118B54FC4}.Debug|Any CPU.ActiveCfg = Debug|Any CPU
		{09D10CD1-0CB1-4D9A-B7A1-989118B54FC4}.Debug|Any CPU.Build.0 = Debug|Any CPU
		{09D10CD1-0CB1-4D9A-B7A1-989118B54FC4}.Release|Any CPU.ActiveCfg = Release|Any CPU
		{09D10CD1-0CB1-4D9A-B7A1-989118B54FC4}.Release|Any CPU.Build.0 = Release|Any CPU
		{2BFACDC3-F44D-4199-8498-F5C3C4AC0335}.Debug|Any CPU.ActiveCfg = Debug|Any CPU
		{2BFACDC3-F44D-4199-8498-F5C3C4AC0335}.Debug|Any CPU.Build.0 = Debug|Any CPU
		{2BFACDC3-F44D-4199-8498-F5C3C4AC0335}.Release|Any CPU.ActiveCfg = Release|Any CPU
		{2BFACDC3-F44D-4199-8498-F5C3C4AC0335}.Release|Any CPU.Build.0 = Release|Any CPU
		{E461C0A8-8900-485C-B520-E929BA33F712}.Debug|Any CPU.ActiveCfg = Debug|Any CPU
		{E461C0A8-8900-485C-B520-E929BA33F712}.Debug|Any CPU.Build.0 = Debug|Any CPU
		{E461C0A8-8900-485C-B520-E929BA33F712}.Release|Any CPU.ActiveCfg = Release|Any CPU
		{E461C0A8-8900-485C-B520-E929BA33F712}.Release|Any CPU.Build.0 = Release|Any CPU
		{132BB0D7-A4D2-4D8B-A72B-2CCD5D75FA1F}.Debug|Any CPU.ActiveCfg = Debug|Any CPU
		{132BB0D7-A4D2-4D8B-A72B-2CCD5D75FA1F}.Debug|Any CPU.Build.0 = Debug|Any CPU
		{132BB0D7-A4D2-4D8B-A72B-2CCD5D75FA1F}.Release|Any CPU.ActiveCfg = Release|Any CPU
		{132BB0D7-A4D2-4D8B-A72B-2CCD5D75FA1F}.Release|Any CPU.Build.0 = Release|Any CPU
		{C5FB1E8A-B450-44FB-BD98-DBBCA45D469B}.Debug|Any CPU.ActiveCfg = Debug|Any CPU
		{C5FB1E8A-B450-44FB-BD98-DBBCA45D469B}.Debug|Any CPU.Build.0 = Debug|Any CPU
		{C5FB1E8A-B450-44FB-BD98-DBBCA45D469B}.Release|Any CPU.ActiveCfg = Release|Any CPU
		{C5FB1E8A-B450-44FB-BD98-DBBCA45D469B}.Release|Any CPU.Build.0 = Release|Any CPU
		{50E9954D-BA5C-4BB2-AB30-CE96479D16C1}.Debug|Any CPU.ActiveCfg = Debug|Any CPU
		{50E9954D-BA5C-4BB2-AB30-CE96479D16C1}.Debug|Any CPU.Build.0 = Debug|Any CPU
		{50E9954D-BA5C-4BB2-AB30-CE96479D16C1}.Release|Any CPU.ActiveCfg = Release|Any CPU
		{50E9954D-BA5C-4BB2-AB30-CE96479D16C1}.Release|Any CPU.Build.0 = Release|Any CPU
		{2B31AEE6-86E1-44E0-A431-A2364E5E5591}.Debug|Any CPU.ActiveCfg = Debug|Any CPU
		{2B31AEE6-86E1-44E0-A431-A2364E5E5591}.Debug|Any CPU.Build.0 = Debug|Any CPU
		{2B31AEE6-86E1-44E0-A431-A2364E5E5591}.Release|Any CPU.ActiveCfg = Release|Any CPU
		{2B31AEE6-86E1-44E0-A431-A2364E5E5591}.Release|Any CPU.Build.0 = Release|Any CPU
		{799A1B42-D304-44EC-A71B-693B37B0D514}.Debug|Any CPU.ActiveCfg = Debug|Any CPU
		{799A1B42-D304-44EC-A71B-693B37B0D514}.Debug|Any CPU.Build.0 = Debug|Any CPU
		{799A1B42-D304-44EC-A71B-693B37B0D514}.Release|Any CPU.ActiveCfg = Release|Any CPU
		{799A1B42-D304-44EC-A71B-693B37B0D514}.Release|Any CPU.Build.0 = Release|Any CPU
		{1553DF3A-9615-402B-8187-D1987BDBD63D}.Debug|Any CPU.ActiveCfg = Debug|Any CPU
		{1553DF3A-9615-402B-8187-D1987BDBD63D}.Debug|Any CPU.Build.0 = Debug|Any CPU
		{1553DF3A-9615-402B-8187-D1987BDBD63D}.Release|Any CPU.ActiveCfg = Release|Any CPU
		{1553DF3A-9615-402B-8187-D1987BDBD63D}.Release|Any CPU.Build.0 = Release|Any CPU
		{BB04B366-17A5-4F0B-9F42-60EBB25232A3}.Debug|Any CPU.ActiveCfg = Debug|Any CPU
		{BB04B366-17A5-4F0B-9F42-60EBB25232A3}.Debug|Any CPU.Build.0 = Debug|Any CPU
		{BB04B366-17A5-4F0B-9F42-60EBB25232A3}.Release|Any CPU.ActiveCfg = Release|Any CPU
		{BB04B366-17A5-4F0B-9F42-60EBB25232A3}.Release|Any CPU.Build.0 = Release|Any CPU
		{CB2C22DF-1B98-42D3-A263-9C40BAC5B621}.Debug|Any CPU.ActiveCfg = Debug|Any CPU
		{CB2C22DF-1B98-42D3-A263-9C40BAC5B621}.Debug|Any CPU.Build.0 = Debug|Any CPU
		{CB2C22DF-1B98-42D3-A263-9C40BAC5B621}.Release|Any CPU.ActiveCfg = Release|Any CPU
		{CB2C22DF-1B98-42D3-A263-9C40BAC5B621}.Release|Any CPU.Build.0 = Release|Any CPU
		{5E4B3F30-03CE-476D-B100-A6C4554E2A9A}.Debug|Any CPU.ActiveCfg = Debug|Any CPU
		{5E4B3F30-03CE-476D-B100-A6C4554E2A9A}.Debug|Any CPU.Build.0 = Debug|Any CPU
		{5E4B3F30-03CE-476D-B100-A6C4554E2A9A}.Release|Any CPU.ActiveCfg = Release|Any CPU
		{5E4B3F30-03CE-476D-B100-A6C4554E2A9A}.Release|Any CPU.Build.0 = Release|Any CPU
		{E012F1CB-A106-4665-A134-EBCEFFDF5667}.Debug|Any CPU.ActiveCfg = Debug|Any CPU
		{E012F1CB-A106-4665-A134-EBCEFFDF5667}.Debug|Any CPU.Build.0 = Debug|Any CPU
		{E012F1CB-A106-4665-A134-EBCEFFDF5667}.Release|Any CPU.ActiveCfg = Release|Any CPU
		{E012F1CB-A106-4665-A134-EBCEFFDF5667}.Release|Any CPU.Build.0 = Release|Any CPU
		{43F4C407-ED8F-49D8-BEDE-C551CAF8816C}.Debug|Any CPU.ActiveCfg = Debug|Any CPU
		{43F4C407-ED8F-49D8-BEDE-C551CAF8816C}.Debug|Any CPU.Build.0 = Debug|Any CPU
		{43F4C407-ED8F-49D8-BEDE-C551CAF8816C}.Release|Any CPU.ActiveCfg = Release|Any CPU
		{43F4C407-ED8F-49D8-BEDE-C551CAF8816C}.Release|Any CPU.Build.0 = Release|Any CPU
		{8E133A90-058D-4CC1-A267-1DC854B5537A}.Debug|Any CPU.ActiveCfg = Debug|Any CPU
		{8E133A90-058D-4CC1-A267-1DC854B5537A}.Debug|Any CPU.Build.0 = Debug|Any CPU
		{8E133A90-058D-4CC1-A267-1DC854B5537A}.Release|Any CPU.ActiveCfg = Release|Any CPU
		{8E133A90-058D-4CC1-A267-1DC854B5537A}.Release|Any CPU.Build.0 = Release|Any CPU
		{272CDB14-B749-4A34-877D-C13B8A4C3FC7}.Debug|Any CPU.ActiveCfg = Debug|Any CPU
		{272CDB14-B749-4A34-877D-C13B8A4C3FC7}.Debug|Any CPU.Build.0 = Debug|Any CPU
		{272CDB14-B749-4A34-877D-C13B8A4C3FC7}.Release|Any CPU.ActiveCfg = Release|Any CPU
		{272CDB14-B749-4A34-877D-C13B8A4C3FC7}.Release|Any CPU.Build.0 = Release|Any CPU
		{A44611C3-555B-4AAC-9CC7-E43CF0FD2CD5}.Debug|Any CPU.ActiveCfg = Debug|Any CPU
		{A44611C3-555B-4AAC-9CC7-E43CF0FD2CD5}.Debug|Any CPU.Build.0 = Debug|Any CPU
		{A44611C3-555B-4AAC-9CC7-E43CF0FD2CD5}.Release|Any CPU.ActiveCfg = Release|Any CPU
		{A44611C3-555B-4AAC-9CC7-E43CF0FD2CD5}.Release|Any CPU.Build.0 = Release|Any CPU
		{7DCCA8DE-FE87-4F82-98D7-481E5DFF0387}.Debug|Any CPU.ActiveCfg = Debug|Any CPU
		{7DCCA8DE-FE87-4F82-98D7-481E5DFF0387}.Debug|Any CPU.Build.0 = Debug|Any CPU
		{7DCCA8DE-FE87-4F82-98D7-481E5DFF0387}.Release|Any CPU.ActiveCfg = Release|Any CPU
		{7DCCA8DE-FE87-4F82-98D7-481E5DFF0387}.Release|Any CPU.Build.0 = Release|Any CPU
		{4151C669-D869-422E-9857-0365855B7AC7}.Debug|Any CPU.ActiveCfg = Debug|Any CPU
		{4151C669-D869-422E-9857-0365855B7AC7}.Debug|Any CPU.Build.0 = Debug|Any CPU
		{4151C669-D869-422E-9857-0365855B7AC7}.Release|Any CPU.ActiveCfg = Release|Any CPU
		{4151C669-D869-422E-9857-0365855B7AC7}.Release|Any CPU.Build.0 = Release|Any CPU
		{75ABDD5F-64C3-4538-8417-73F1A56E2E5C}.Debug|Any CPU.ActiveCfg = Debug|Any CPU
		{75ABDD5F-64C3-4538-8417-73F1A56E2E5C}.Debug|Any CPU.Build.0 = Debug|Any CPU
		{75ABDD5F-64C3-4538-8417-73F1A56E2E5C}.Release|Any CPU.ActiveCfg = Release|Any CPU
		{75ABDD5F-64C3-4538-8417-73F1A56E2E5C}.Release|Any CPU.Build.0 = Release|Any CPU
	EndGlobalSection
	GlobalSection(SolutionProperties) = preSolution
		HideSolutionNode = FALSE
	EndGlobalSection
	GlobalSection(NestedProjects) = preSolution
		{CC9426C0-E68F-47DF-BE05-B2479DCC6A3A} = {E13892DE-4B6A-406A-B4EF-4594D646A652}
		{E2F56FB8-1EBE-49B9-B3A6-B4A7ACD15E67} = {E13892DE-4B6A-406A-B4EF-4594D646A652}
		{F054FF3F-0E64-454D-A12F-C84059FE8330} = {325C92F1-47AF-45ED-BA50-8F158AE52C12}
		{325C92F1-47AF-45ED-BA50-8F158AE52C12} = {E13892DE-4B6A-406A-B4EF-4594D646A652}
		{B4164FC1-28D6-4339-976A-FD29F40CC061} = {325C92F1-47AF-45ED-BA50-8F158AE52C12}
		{8721F5F3-938C-4219-973B-D12594BA0711} = {325C92F1-47AF-45ED-BA50-8F158AE52C12}
		{6E7AC59A-7666-4B98-88F5-9BBA9CC834D8} = {7E86C2AB-60F5-4A53-8579-D17472277E31}
		{87317766-4A3F-44FF-9966-49E9A6FFBE74} = {323E576A-8C3A-406B-8D90-1BB77761C7D3}
		{50AB094E-7172-47DF-9473-8B93A548D9AA} = {CFDC962D-FED7-49F3-B3E4-261F834BB23B}
		{CFDC962D-FED7-49F3-B3E4-261F834BB23B} = {323E576A-8C3A-406B-8D90-1BB77761C7D3}
		{497F8E53-E2DE-491C-A8A1-2B2A2141282D} = {CFDC962D-FED7-49F3-B3E4-261F834BB23B}
		{91A1ADA4-A0AF-4943-9D71-2B1EBDC036CE} = {DCD6F5BD-D9AF-4C12-BFB2-D23985AE6D79}
		{1185E51B-8FF6-4C75-B458-E487A4CEB641} = {DCD6F5BD-D9AF-4C12-BFB2-D23985AE6D79}
		{09D10CD1-0CB1-4D9A-B7A1-989118B54FC4} = {DCD6F5BD-D9AF-4C12-BFB2-D23985AE6D79}
		{132BB0D7-A4D2-4D8B-A72B-2CCD5D75FA1F} = {DCD6F5BD-D9AF-4C12-BFB2-D23985AE6D79}
		{C5FB1E8A-B450-44FB-BD98-DBBCA45D469B} = {DCD6F5BD-D9AF-4C12-BFB2-D23985AE6D79}
		{50E9954D-BA5C-4BB2-AB30-CE96479D16C1} = {80A97ACF-38CC-4207-907D-2ED60823BFCD}
		{2B31AEE6-86E1-44E0-A431-A2364E5E5591} = {80A97ACF-38CC-4207-907D-2ED60823BFCD}
		{799A1B42-D304-44EC-A71B-693B37B0D514} = {128D4802-1D99-4491-A28A-C9DA8918019A}
		{1553DF3A-9615-402B-8187-D1987BDBD63D} = {128D4802-1D99-4491-A28A-C9DA8918019A}
		{BB04B366-17A5-4F0B-9F42-60EBB25232A3} = {C4471379-BA91-49A7-BA82-80A825D2DBC8}
		{39B96D39-117E-4927-8049-62F17A34E45F} = {C4471379-BA91-49A7-BA82-80A825D2DBC8}
		{CB2C22DF-1B98-42D3-A263-9C40BAC5B621} = {39B96D39-117E-4927-8049-62F17A34E45F}
		{5E4B3F30-03CE-476D-B100-A6C4554E2A9A} = {C4471379-BA91-49A7-BA82-80A825D2DBC8}
		{E012F1CB-A106-4665-A134-EBCEFFDF5667} = {643707A7-860F-47B4-8074-38B944907FC0}
		{8E133A90-058D-4CC1-A267-1DC854B5537A} = {713F815A-8403-410C-A031-DB98CC8AB94C}
		{272CDB14-B749-4A34-877D-C13B8A4C3FC7} = {713F815A-8403-410C-A031-DB98CC8AB94C}
		{A44611C3-555B-4AAC-9CC7-E43CF0FD2CD5} = {713F815A-8403-410C-A031-DB98CC8AB94C}
		{7DCCA8DE-FE87-4F82-98D7-481E5DFF0387} = {713F815A-8403-410C-A031-DB98CC8AB94C}
		{4151C669-D869-422E-9857-0365855B7AC7} = {D39884D7-D236-403B-899B-B923F40DE242}
		{75ABDD5F-64C3-4538-8417-73F1A56E2E5C} = {CD43E6C8-DF1F-4C87-93A0-44081C5194EA}
	EndGlobalSection
	GlobalSection(ExtensibilityGlobals) = postSolution
		SolutionGuid = {0BEEB2E4-0B86-47DB-AE5A-040BD9AB17CC}
	EndGlobalSection
EndGlobal
